
Microsoft Visual Studio Solution File, Format Version 12.00
# Visual Studio Version 16
VisualStudioVersion = 16.0.30204.135
MinimumVisualStudioVersion = 10.0.40219.1
Project("{FAE04EC0-301F-11D3-BF4B-00C04F79EFBC}") = "TCPClient", "TCPClient\TCPClient.csproj", "{B0995092-C5EA-4355-836B-5CB95DDEF33B}"
EndProject
Project("{FAE04EC0-301F-11D3-BF4B-00C04F79EFBC}") = "TCPServer", "TCPServer\TCPServer.csproj", "{17891420-9B5C-4D55-95D5-41A9EC497E52}"
EndProject
Global
	GlobalSection(SolutionConfigurationPlatforms) = preSolution
		Debug|Any CPU = Debug|Any CPU
		Release|Any CPU = Release|Any CPU
	EndGlobalSection
	GlobalSection(ProjectConfigurationPlatforms) = postSolution
		{B0995092-C5EA-4355-836B-5CB95DDEF33B}.Debug|Any CPU.ActiveCfg = Debug|Any CPU
		{B0995092-C5EA-4355-836B-5CB95DDEF33B}.Debug|Any CPU.Build.0 = Debug|Any CPU
		{B0995092-C5EA-4355-836B-5CB95DDEF33B}.Release|Any CPU.ActiveCfg = Release|Any CPU
		{B0995092-C5EA-4355-836B-5CB95DDEF33B}.Release|Any CPU.Build.0 = Release|Any CPU
		{17891420-9B5C-4D55-95D5-41A9EC497E52}.Debug|Any CPU.ActiveCfg = Debug|Any CPU
		{17891420-9B5C-4D55-95D5-41A9EC497E52}.Debug|Any CPU.Build.0 = Debug|Any CPU
		{17891420-9B5C-4D55-95D5-41A9EC497E52}.Release|Any CPU.ActiveCfg = Release|Any CPU
		{17891420-9B5C-4D55-95D5-41A9EC497E52}.Release|Any CPU.Build.0 = Release|Any CPU
	EndGlobalSection
	GlobalSection(SolutionProperties) = preSolution
		HideSolutionNode = FALSE
	EndGlobalSection
	GlobalSection(ExtensibilityGlobals) = postSolution
		SolutionGuid = {96F73944-E3E4-41FE-9603-28B39703A9F1}
	EndGlobalSection
EndGlobal
