
Microsoft Visual Studio Solution File, Format Version 12.00
# Visual Studio Version 16
VisualStudioVersion = 16.0.30204.135
MinimumVisualStudioVersion = 10.0.40219.1
Project("{FAE04EC0-301F-11D3-BF4B-00C04F79EFBC}") = "PCB_XML_Testing", "PCB_XML_Testing\PCB_XML_Testing.csproj", "{221F7F02-CE65-469B-944D-BE90E44BFFC4}"
EndProject
Global
	GlobalSection(SolutionConfigurationPlatforms) = preSolution
		Debug|Any CPU = Debug|Any CPU
		Release|Any CPU = Release|Any CPU
	EndGlobalSection
	GlobalSection(ProjectConfigurationPlatforms) = postSolution
		{221F7F02-CE65-469B-944D-BE90E44BFFC4}.Debug|Any CPU.ActiveCfg = Debug|Any CPU
		{221F7F02-CE65-469B-944D-BE90E44BFFC4}.Debug|Any CPU.Build.0 = Debug|Any CPU
		{221F7F02-CE65-469B-944D-BE90E44BFFC4}.Release|Any CPU.ActiveCfg = Release|Any CPU
		{221F7F02-CE65-469B-944D-BE90E44BFFC4}.Release|Any CPU.Build.0 = Release|Any CPU
	EndGlobalSection
	GlobalSection(SolutionProperties) = preSolution
		HideSolutionNode = FALSE
	EndGlobalSection
	GlobalSection(ExtensibilityGlobals) = postSolution
		SolutionGuid = {6A80CA54-5554-4536-A0FB-F23B7887258A}
	EndGlobalSection
EndGlobal
