
Microsoft Visual Studio Solution File, Format Version 12.00
# Visual Studio Version 16
VisualStudioVersion = 16.0.30204.135
MinimumVisualStudioVersion = 10.0.40219.1
Project("{FAE04EC0-301F-11D3-BF4B-00C04F79EFBC}") = "OperacionsM5", "OperacionsM5\OperacionsM5.csproj", "{7140EAFF-9B98-42FB-87D9-C6FD3B21BC4E}"
EndProject
Global
	GlobalSection(SolutionConfigurationPlatforms) = preSolution
		Debug|Any CPU = Debug|Any CPU
		Release|Any CPU = Release|Any CPU
	EndGlobalSection
	GlobalSection(ProjectConfigurationPlatforms) = postSolution
		{7140EAFF-9B98-42FB-87D9-C6FD3B21BC4E}.Debug|Any CPU.ActiveCfg = Debug|Any CPU
		{7140EAFF-9B98-42FB-87D9-C6FD3B21BC4E}.Debug|Any CPU.Build.0 = Debug|Any CPU
		{7140EAFF-9B98-42FB-87D9-C6FD3B21BC4E}.Release|Any CPU.ActiveCfg = Release|Any CPU
		{7140EAFF-9B98-42FB-87D9-C6FD3B21BC4E}.Release|Any CPU.Build.0 = Release|Any CPU
	EndGlobalSection
	GlobalSection(SolutionProperties) = preSolution
		HideSolutionNode = FALSE
	EndGlobalSection
	GlobalSection(ExtensibilityGlobals) = postSolution
		SolutionGuid = {DCDCF4CD-7508-4F38-9242-56EBB664CAFA}
	EndGlobalSection
EndGlobal
