
Microsoft Visual Studio Solution File, Format Version 12.00
# Visual Studio 15
Project("{FAE04EC0-301F-11D3-BF4B-00C04F79EFBC}") = "test", "test\test.csproj", "{D131432E-BE6F-443C-B238-71E545B8E4FC}"
EndProject
Global
	GlobalSection(SolutionConfigurationPlatforms) = preSolution
		Debug|anycpu = Debug|anycpu
		Release|anycpu = Release|anycpu
	EndGlobalSection
	GlobalSection(ProjectConfigurationPlatforms) = postSolution
		{D131432E-BE6F-443C-B238-71E545B8E4FC}.Debug|anycpu.ActiveCfg = Debug|anycpu
		{D131432E-BE6F-443C-B238-71E545B8E4FC}.Debug|anycpu.Build.0 = Debug|anycpu
		{D131432E-BE6F-443C-B238-71E545B8E4FC}.Release|anycpu.ActiveCfg = Release|anycpu
		{D131432E-BE6F-443C-B238-71E545B8E4FC}.Release|anycpu.Build.0 = Release|anycpu
	EndGlobalSection
EndGlobal
