
Microsoft Visual Studio Solution File, Format Version 12.00
# Visual Studio Version 16
VisualStudioVersion = 16.0.30204.135
MinimumVisualStudioVersion = 10.0.40219.1
Project("{FAE04EC0-301F-11D3-BF4B-00C04F79EFBC}") = "PCB_TPL_Fitxers", "PCB_TPL_Fitxers\PCB_TPL_Fitxers.csproj", "{6F8BEB86-E8C7-4A8A-979F-C0B870F9CD62}"
EndProject
Global
	GlobalSection(SolutionConfigurationPlatforms) = preSolution
		Debug|Any CPU = Debug|Any CPU
		Release|Any CPU = Release|Any CPU
	EndGlobalSection
	GlobalSection(ProjectConfigurationPlatforms) = postSolution
		{6F8BEB86-E8C7-4A8A-979F-C0B870F9CD62}.Debug|Any CPU.ActiveCfg = Debug|Any CPU
		{6F8BEB86-E8C7-4A8A-979F-C0B870F9CD62}.Debug|Any CPU.Build.0 = Debug|Any CPU
		{6F8BEB86-E8C7-4A8A-979F-C0B870F9CD62}.Release|Any CPU.ActiveCfg = Release|Any CPU
		{6F8BEB86-E8C7-4A8A-979F-C0B870F9CD62}.Release|Any CPU.Build.0 = Release|Any CPU
	EndGlobalSection
	GlobalSection(SolutionProperties) = preSolution
		HideSolutionNode = FALSE
	EndGlobalSection
	GlobalSection(ExtensibilityGlobals) = postSolution
		SolutionGuid = {2B0F2344-5DF6-4666-AA6B-06EFA2B85DE3}
	EndGlobalSection
EndGlobal
