
Microsoft Visual Studio Solution File, Format Version 12.00
# Visual Studio Version 16
VisualStudioVersion = 16.0.30523.141
MinimumVisualStudioVersion = 10.0.40219.1
Project("{FAE04EC0-301F-11D3-BF4B-00C04F79EFBC}") = "TestDDBBG2Team", "TestDDBBG2Team\TestDDBBG2Team.csproj", "{AA96B24E-3684-40C9-9D8F-EDEC8E6595AF}"
EndProject
Project("{FAE04EC0-301F-11D3-BF4B-00C04F79EFBC}") = "accesoDB", "accesoDB\accesoDB.csproj", "{00A16450-FF93-4955-85EB-2E9A8DED4CC1}"
EndProject
Global
	GlobalSection(SolutionConfigurationPlatforms) = preSolution
		Debug|Any CPU = Debug|Any CPU
		Release|Any CPU = Release|Any CPU
	EndGlobalSection
	GlobalSection(ProjectConfigurationPlatforms) = postSolution
		{AA96B24E-3684-40C9-9D8F-EDEC8E6595AF}.Debug|Any CPU.ActiveCfg = Debug|Any CPU
		{AA96B24E-3684-40C9-9D8F-EDEC8E6595AF}.Debug|Any CPU.Build.0 = Debug|Any CPU
		{AA96B24E-3684-40C9-9D8F-EDEC8E6595AF}.Release|Any CPU.ActiveCfg = Release|Any CPU
		{AA96B24E-3684-40C9-9D8F-EDEC8E6595AF}.Release|Any CPU.Build.0 = Release|Any CPU
		{00A16450-FF93-4955-85EB-2E9A8DED4CC1}.Debug|Any CPU.ActiveCfg = Debug|Any CPU
		{00A16450-FF93-4955-85EB-2E9A8DED4CC1}.Debug|Any CPU.Build.0 = Debug|Any CPU
		{00A16450-FF93-4955-85EB-2E9A8DED4CC1}.Release|Any CPU.ActiveCfg = Release|Any CPU
		{00A16450-FF93-4955-85EB-2E9A8DED4CC1}.Release|Any CPU.Build.0 = Release|Any CPU
	EndGlobalSection
	GlobalSection(SolutionProperties) = preSolution
		HideSolutionNode = FALSE
	EndGlobalSection
	GlobalSection(ExtensibilityGlobals) = postSolution
		SolutionGuid = {83BB3AF8-8F26-46E0-A7B9-7D70CCDAA498}
	EndGlobalSection
EndGlobal
